
Microsoft Visual Studio Solution File, Format Version 12.00
# Visual Studio 2013
VisualStudioVersion = 12.0.40629.0
MinimumVisualStudioVersion = 10.0.40219.1
Project("{FAE04EC0-301F-11D3-BF4B-00C04F79EFBC}") = "ImperiaCardReader", "ImperiaCardReader\ImperiaCardReader.csproj", "{A0F472A8-DF6A-4332-A679-CC336C19B8B5}"
EndProject
Project("{54435603-DBB4-11D2-8724-00A0C9A8B90C}") = "Setup", "Setup2\Setup2.vdproj", "{31870621-E7BB-45A3-8A26-7F024675A13E}"
EndProject
Global
	GlobalSection(SolutionConfigurationPlatforms) = preSolution
		Debug|Any CPU = Debug|Any CPU
		Release|Any CPU = Release|Any CPU
	EndGlobalSection
	GlobalSection(ProjectConfigurationPlatforms) = postSolution
		{A0F472A8-DF6A-4332-A679-CC336C19B8B5}.Debug|Any CPU.ActiveCfg = Debug|Any CPU
		{A0F472A8-DF6A-4332-A679-CC336C19B8B5}.Debug|Any CPU.Build.0 = Debug|Any CPU
		{A0F472A8-DF6A-4332-A679-CC336C19B8B5}.Release|Any CPU.ActiveCfg = Release|Any CPU
		{A0F472A8-DF6A-4332-A679-CC336C19B8B5}.Release|Any CPU.Build.0 = Release|Any CPU
		{31870621-E7BB-45A3-8A26-7F024675A13E}.Debug|Any CPU.ActiveCfg = Debug
		{31870621-E7BB-45A3-8A26-7F024675A13E}.Release|Any CPU.ActiveCfg = Release
	EndGlobalSection
	GlobalSection(SolutionProperties) = preSolution
		HideSolutionNode = FALSE
	EndGlobalSection
EndGlobal
